
Microsoft Visual Studio Solution File, Format Version 12.00
# Visual Studio 15
VisualStudioVersion = 15.0.28107.0
MinimumVisualStudioVersion = 10.0.40219.1
Project("{9092AA53-FB77-4645-B42D-1CCCA6BD08BD}") = "OpelStatuses", "OpelStatuses\OpelStatuses.njsproj", "{4C44CC99-EABF-4F95-BB05-69CBAD47E7A9}"
EndProject
Global
	GlobalSection(SolutionConfigurationPlatforms) = preSolution
		Debug|Any CPU = Debug|Any CPU
		Release|Any CPU = Release|Any CPU
	EndGlobalSection
	GlobalSection(ProjectConfigurationPlatforms) = postSolution
		{4C44CC99-EABF-4F95-BB05-69CBAD47E7A9}.Debug|Any CPU.ActiveCfg = Debug|Any CPU
		{4C44CC99-EABF-4F95-BB05-69CBAD47E7A9}.Debug|Any CPU.Build.0 = Debug|Any CPU
		{4C44CC99-EABF-4F95-BB05-69CBAD47E7A9}.Release|Any CPU.ActiveCfg = Release|Any CPU
		{4C44CC99-EABF-4F95-BB05-69CBAD47E7A9}.Release|Any CPU.Build.0 = Release|Any CPU
	EndGlobalSection
	GlobalSection(SolutionProperties) = preSolution
		HideSolutionNode = FALSE
	EndGlobalSection
	GlobalSection(ExtensibilityGlobals) = postSolution
		SolutionGuid = {8539679C-9846-4597-BF13-6020BDE5E3D8}
	EndGlobalSection
EndGlobal
